
Microsoft Visual Studio Solution File, Format Version 12.00
# Visual Studio 14
VisualStudioVersion = 14.0.23107.0
MinimumVisualStudioVersion = 10.0.40219.1
Project("{FAE04EC0-301F-11D3-BF4B-00C04F79EFBC}") = "xkfy_mod", "xkfy_mod\xkfy_mod.csproj", "{CE04A019-0B65-4597-90AB-50441235D961}"
EndProject
Global
	GlobalSection(SolutionConfigurationPlatforms) = preSolution
		Debug|Any CPU = Debug|Any CPU
		Release|Any CPU = Release|Any CPU
	EndGlobalSection
	GlobalSection(ProjectConfigurationPlatforms) = postSolution
		{CE04A019-0B65-4597-90AB-50441235D961}.Debug|Any CPU.ActiveCfg = Debug|Any CPU
		{CE04A019-0B65-4597-90AB-50441235D961}.Debug|Any CPU.Build.0 = Debug|Any CPU
		{CE04A019-0B65-4597-90AB-50441235D961}.Release|Any CPU.ActiveCfg = Release|Any CPU
		{CE04A019-0B65-4597-90AB-50441235D961}.Release|Any CPU.Build.0 = Release|Any CPU
	EndGlobalSection
	GlobalSection(SolutionProperties) = preSolution
		HideSolutionNode = FALSE
	EndGlobalSection
EndGlobal
